// !$*UTF8*$!
{
	archiveVersion = 1;
	classes = {
	};
	objectVersion = 50;
	objects = {

/* Begin PBXBuildFile section */
		F47357D8228BD76B00C6F3B8 /* AppDelegate.swift in Sources */ = {isa = PBXBuildFile; fileRef = F47357D7228BD76B00C6F3B8 /* AppDelegate.swift */; };
		F47357DA228BD76B00C6F3B8 /* ViewController.swift in Sources */ = {isa = PBXBuildFile; fileRef = F47357D9228BD76B00C6F3B8 /* ViewController.swift */; };
		F47357DD228BD76B00C6F3B8 /* Main.storyboard in Resources */ = {isa = PBXBuildFile; fileRef = F47357DB228BD76B00C6F3B8 /* Main.storyboard */; };
		F47357DF228BD76C00C6F3B8 /* Assets.xcassets in Resources */ = {isa = PBXBuildFile; fileRef = F47357DE228BD76C00C6F3B8 /* Assets.xcassets */; };
		F47357E2228BD76C00C6F3B8 /* LaunchScreen.storyboard in Resources */ = {isa = PBXBuildFile; fileRef = F47357E0228BD76C00C6F3B8 /* LaunchScreen.storyboard */; };
		F47357ED228BFBF000C6F3B8 /* UrlSetter.swift in Sources */ = {isa = PBXBuildFile; fileRef = F47357EC228BFBF000C6F3B8 /* UrlSetter.swift */; };
/* End PBXBuildFile section */

/* Begin PBXFileReference section */
		F47357D4228BD76B00C6F3B8 /* OperationQueueExample.app */ = {isa = PBXFileReference; explicitFileType = wrapper.application; includeInIndex = 0; path = OperationQueueExample.app; sourceTree = BUILT_PRODUCTS_DIR; };
		F47357D7228BD76B00C6F3B8 /* AppDelegate.swift */ = {isa = PBXFileReference; lastKnownFileType = sourcecode.swift; path = AppDelegate.swift; sourceTree = "<group>"; };
		F47357D9228BD76B00C6F3B8 /* ViewController.swift */ = {isa = PBXFileReference; lastKnownFileType = sourcecode.swift; path = ViewController.swift; sourceTree = "<group>"; };
		F47357DC228BD76B00C6F3B8 /* Base */ = {isa = PBXFileReference; lastKnownFileType = file.storyboard; name = Base; path = Base.lproj/Main.storyboard; sourceTree = "<group>"; };
		F47357DE228BD76C00C6F3B8 /* Assets.xcassets */ = {isa = PBXFileReference; lastKnownFileType = folder.assetcatalog; path = Assets.xcassets; sourceTree = "<group>"; };
		F47357E1228BD76C00C6F3B8 /* Base */ = {isa = PBXFileReference; lastKnownFileType = file.storyboard; name = Base; path = Base.lproj/LaunchScreen.storyboard; sourceTree = "<group>"; };
		F47357E3228BD76C00C6F3B8 /* Info.plist */ = {isa = PBXFileReference; lastKnownFileType = text.plist.xml; path = Info.plist; sourceTree = "<group>"; };
		F47357EC228BFBF000C6F3B8 /* UrlSetter.swift */ = {isa = PBXFileReference; lastKnownFileType = sourcecode.swift; path = UrlSetter.swift; sourceTree = "<group>"; };
/* End PBXFileReference section */

/* Begin PBXFrameworksBuildPhase section */
		F47357D1228BD76B00C6F3B8 /* Frameworks */ = {
			isa = PBXFrameworksBuildPhase;
			buildActionMask = 2147483647;
			files = (
			);
			runOnlyForDeploymentPostprocessing = 0;
		};
/* End PBXFrameworksBuildPhase section */

/* Begin PBXGroup section */
		F47357CB228BD76B00C6F3B8 = {
			isa = PBXGroup;
			children = (
				F47357D6228BD76B00C6F3B8 /* OperationQueueExample */,
				F47357D5228BD76B00C6F3B8 /* Products */,
			);
			sourceTree = "<group>";
		};
		F47357D5228BD76B00C6F3B8 /* Products */ = {
			isa = PBXGroup;
			children = (
				F47357D4228BD76B00C6F3B8 /* OperationQueueExample.app */,
			);
			name = Products;
			sourceTree = "<group>";
		};
		F47357D6228BD76B00C6F3B8 /* OperationQueueExample */ = {
			isa = PBXGroup;
			children = (
				F47357EB228BFBC900C6F3B8 /* Class */,
				F47357D7228BD76B00C6F3B8 /* AppDelegate.swift */,
				F47357D9228BD76B00C6F3B8 /* ViewController.swift */,
				F47357DB228BD76B00C6F3B8 /* Main.storyboard */,
				F47357DE228BD76C00C6F3B8 /* Assets.xcassets */,
				F47357E0228BD76C00C6F3B8 /* LaunchScreen.storyboard */,
				F47357E3228BD76C00C6F3B8 /* Info.plist */,
			);
			path = OperationQueueExample;
			sourceTree = "<group>";
		};
		F47357EB228BFBC900C6F3B8 /* Class */ = {
			isa = PBXGroup;
			children = (
				F47357EC228BFBF000C6F3B8 /* UrlSetter.swift */,
			);
			path = Class;
			sourceTree = "<group>";
		};
/* End PBXGroup section */

/* Begin PBXNativeTarget section */
		F47357D3228BD76B00C6F3B8 /* OperationQueueExample */ = {
			isa = PBXNativeTarget;
			buildConfigurationList = F47357E6228BD76C00C6F3B8 /* Build configuration list for PBXNativeTarget "OperationQueueExample" */;
			buildPhases = (
				F47357D0228BD76B00C6F3B8 /* Sources */,
				F47357D1228BD76B00C6F3B8 /* Frameworks */,
				F47357D2228BD76B00C6F3B8 /* Resources */,
			);
			buildRules = (
			);
			dependencies = (
			);
			name = OperationQueueExample;
			productName = OperationQueueExample;
			productReference = F47357D4228BD76B00C6F3B8 /* OperationQueueExample.app */;
			productType = "com.apple.product-type.application";
		};
/* End PBXNativeTarget section */

/* Begin PBXProject section */
		F47357CC228BD76B00C6F3B8 /* Project object */ = {
			isa = PBXProject;
			attributes = {
				LastSwiftUpdateCheck = 1020;
				LastUpgradeCheck = 1020;
				ORGANIZATIONNAME = "정하민";
				TargetAttributes = {
					F47357D3228BD76B00C6F3B8 = {
						CreatedOnToolsVersion = 10.2;
					};
				};
			};
			buildConfigurationList = F47357CF228BD76B00C6F3B8 /* Build configuration list for PBXProject "OperationQueueExample" */;
			compatibilityVersion = "Xcode 9.3";
			developmentRegion = en;
			hasScannedForEncodings = 0;
			knownRegions = (
				en,
				Base,
			);
			mainGroup = F47357CB228BD76B00C6F3B8;
			productRefGroup = F47357D5228BD76B00C6F3B8 /* Products */;
			projectDirPath = "";
			projectRoot = "";
			targets = (
				F47357D3228BD76B00C6F3B8 /* OperationQueueExample */,
			);
		};
/* End PBXProject section */

/* Begin PBXResourcesBuildPhase section */
		F47357D2228BD76B00C6F3B8 /* Resources */ = {
			isa = PBXResourcesBuildPhase;
			buildActionMask = 2147483647;
			files = (
				F47357E2228BD76C00C6F3B8 /* LaunchScreen.storyboard in Resources */,
				F47357DF228BD76C00C6F3B8 /* Assets.xcassets in Resources */,
				F47357DD228BD76B00C6F3B8 /* Main.storyboard in Resources */,
			);
			runOnlyForDeploymentPostprocessing = 0;
		};
/* End PBXResourcesBuildPhase section */

/* Begin PBXSourcesBuildPhase section */
		F47357D0228BD76B00C6F3B8 /* Sources */ = {
			isa = PBXSourcesBuildPhase;
			buildActionMask = 2147483647;
			files = (
				F47357DA228BD76B00C6F3B8 /* ViewController.swift in Sources */,
				F47357D8228BD76B00C6F3B8 /* AppDelegate.swift in Sources */,
				F47357ED228BFBF000C6F3B8 /* UrlSetter.swift in Sources */,
			);
			runOnlyForDeploymentPostprocessing = 0;
		};
/* End PBXSourcesBuildPhase section */

/* Begin PBXVariantGroup section */
		F47357DB228BD76B00C6F3B8 /* Main.storyboard */ = {
			isa = PBXVariantGroup;
			children = (
				F47357DC228BD76B00C6F3B8 /* Base */,
			);
			name = Main.storyboard;
			sourceTree = "<group>";
		};
		F47357E0228BD76C00C6F3B8 /* LaunchScreen.storyboard */ = {
			isa = PBXVariantGroup;
			children = (
				F47357E1228BD76C00C6F3B8 /* Base */,
			);
			name = LaunchScreen.storyboard;
			sourceTree = "<group>";
		};
/* End PBXVariantGroup section */

/* Begin XCBuildConfiguration section */
		F47357E4228BD76C00C6F3B8 /* Debug */ = {
			isa = XCBuildConfiguration;
			buildSettings = {
				ALWAYS_SEARCH_USER_PATHS = NO;
				CLANG_ANALYZER_NONNULL = YES;
				CLANG_ANALYZER_NUMBER_OBJECT_CONVERSION = YES_AGGRESSIVE;
				CLANG_CXX_LANGUAGE_STANDARD = "gnu++14";
				CLANG_CXX_LIBRARY = "libc++";
				CLANG_ENABLE_MODULES = YES;
				CLANG_ENABLE_OBJC_ARC = YES;
				CLANG_ENABLE_OBJC_WEAK = YES;
				CLANG_WARN_BLOCK_CAPTURE_AUTORELEASING = YES;
				CLANG_WARN_BOOL_CONVERSION = YES;
				CLANG_WARN_COMMA = YES;
				CLANG_WARN_CONSTANT_CONVERSION = YES;
				CLANG_WARN_DEPRECATED_OBJC_IMPLEMENTATIONS = YES;
				CLANG_WARN_DIRECT_OBJC_ISA_USAGE = YES_ERROR;
				CLANG_WARN_DOCUMENTATION_COMMENTS = YES;
				CLANG_WARN_EMPTY_BODY = YES;
				CLANG_WARN_ENUM_CONVERSION = YES;
				CLANG_WARN_INFINITE_RECURSION = YES;
				CLANG_WARN_INT_CONVERSION = YES;
				CLANG_WARN_NON_LITERAL_NULL_CONVERSION = YES;
				CLANG_WARN_OBJC_IMPLICIT_RETAIN_SELF = YES;
				CLANG_WARN_OBJC_LITERAL_CONVERSION = YES;
				CLANG_WARN_OBJC_ROOT_CLASS = YES_ERROR;
				CLANG_WARN_RANGE_LOOP_ANALYSIS = YES;
				CLANG_WARN_STRICT_PROTOTYPES = YES;
				CLANG_WARN_SUSPICIOUS_MOVE = YES;
				CLANG_WARN_UNGUARDED_AVAILABILITY = YES_AGGRESSIVE;
				CLANG_WARN_UNREACHABLE_CODE = YES;
				CLANG_WARN__DUPLICATE_METHOD_MATCH = YES;
				CODE_SIGN_IDENTITY = "iPhone Developer";
				COPY_PHASE_STRIP = NO;
				DEBUG_INFORMATION_FORMAT = dwarf;
				ENABLE_STRICT_OBJC_MSGSEND = YES;
				ENABLE_TESTABILITY = YES;
				GCC_C_LANGUAGE_STANDARD = gnu11;
				GCC_DYNAMIC_NO_PIC = NO;
				GCC_NO_COMMON_BLOCKS = YES;
				GCC_OPTIMIZATION_LEVEL = 0;
				GCC_PREPROCESSOR_DEFINITIONS = (
					"DEBUG=1",
					"$(inherited)",
				);
				GCC_WARN_64_TO_32_BIT_CONVERSION = YES;
				GCC_WARN_ABOUT_RETURN_TYPE = YES_ERROR;
				GCC_WARN_UNDECLARED_SELECTOR = YES;
				GCC_WARN_UNINITIALIZED_AUTOS = YES_AGGRESSIVE;
				GCC_WARN_UNUSED_FUNCTION = YES;
				GCC_WARN_UNUSED_VARIABLE = YES;
				IPHONEOS_DEPLOYMENT_TARGET = 12.2;
				MTL_ENABLE_DEBUG_INFO = INCLUDE_SOURCE;
				MTL_FAST_MATH = YES;
				ONLY_ACTIVE_ARCH = YES;
				SDKROOT = iphoneos;
				SWIFT_ACTIVE_COMPILATION_CONDITIONS = DEBUG;
				SWIFT_OPTIMIZATION_LEVEL = "-Onone";
			};
			name = Debug;
		};
		F47357E5228BD76C00C6F3B8 /* Release */ = {
			isa = XCBuildConfiguration;
			buildSettings = {
				ALWAYS_SEARCH_USER_PATHS = NO;
				CLANG_ANALYZER_NONNULL = YES;
				CLANG_ANALYZER_NUMBER_OBJECT_CONVERSION = YES_AGGRESSIVE;
				CLANG_CXX_LANGUAGE_STANDARD = "gnu++14";
				CLANG_CXX_LIBRARY = "libc++";
				CLANG_ENABLE_MODULES = YES;
				CLANG_ENABLE_OBJC_ARC = YES;
				CLANG_ENABLE_OBJC_WEAK = YES;
				CLANG_WARN_BLOCK_CAPTURE_AUTORELEASING = YES;
				CLANG_WARN_BOOL_CONVERSION = YES;
				CLANG_WARN_COMMA = YES;
				CLANG_WARN_CONSTANT_CONVERSION = YES;
				CLANG_WARN_DEPRECATED_OBJC_IMPLEMENTATIONS = YES;
				CLANG_WARN_DIRECT_OBJC_ISA_USAGE = YES_ERROR;
				CLANG_WARN_DOCUMENTATION_COMMENTS = YES;
				CLANG_WARN_EMPTY_BODY = YES;
				CLANG_WARN_ENUM_CONVERSION = YES;
				CLANG_WARN_INFINITE_RECURSION = YES;
				CLANG_WARN_INT_CONVERSION = YES;
				CLANG_WARN_NON_LITERAL_NULL_CONVERSION = YES;
				CLANG_WARN_OBJC_IMPLICIT_RETAIN_SELF = YES;
				CLANG_WARN_OBJC_LITERAL_CONVERSION = YES;
				CLANG_WARN_OBJC_ROOT_CLASS = YES_ERROR;
				CLANG_WARN_RANGE_LOOP_ANALYSIS = YES;
				CLANG_WARN_STRICT_PROTOTYPES = YES;
				CLANG_WARN_SUSPICIOUS_MOVE = YES;
				CLANG_WARN_UNGUARDED_AVAILABILITY = YES_AGGRESSIVE;
				CLANG_WARN_UNREACHABLE_CODE = YES;
				CLANG_WARN__DUPLICATE_METHOD_MATCH = YES;
				CODE_SIGN_IDENTITY = "iPhone Developer";
				COPY_PHASE_STRIP = NO;
				DEBUG_INFORMATION_FORMAT = "dwarf-with-dsym";
				ENABLE_NS_ASSERTIONS = NO;
				ENABLE_STRICT_OBJC_MSGSEND = YES;
				GCC_C_LANGUAGE_STANDARD = gnu11;
				GCC_NO_COMMON_BLOCKS = YES;
				GCC_WARN_64_TO_32_BIT_CONVERSION = YES;
				GCC_WARN_ABOUT_RETURN_TYPE = YES_ERROR;
				GCC_WARN_UNDECLARED_SELECTOR = YES;
				GCC_WARN_UNINITIALIZED_AUTOS = YES_AGGRESSIVE;
				GCC_WARN_UNUSED_FUNCTION = YES;
				GCC_WARN_UNUSED_VARIABLE = YES;
				IPHONEOS_DEPLOYMENT_TARGET = 12.2;
				MTL_ENABLE_DEBUG_INFO = NO;
				MTL_FAST_MATH = YES;
				SDKROOT = iphoneos;
				SWIFT_COMPILATION_MODE = wholemodule;
				SWIFT_OPTIMIZATION_LEVEL = "-O";
				VALIDATE_PRODUCT = YES;
			};
			name = Release;
		};
		F47357E7228BD76C00C6F3B8 /* Debug */ = {
			isa = XCBuildConfiguration;
			buildSettings = {
				ASSETCATALOG_COMPILER_APPICON_NAME = AppIcon;
				CODE_SIGN_STYLE = Automatic;
				INFOPLIST_FILE = OperationQueueExample/Info.plist;
				LD_RUNPATH_SEARCH_PATHS = (
					"$(inherited)",
					"@executable_path/Frameworks",
				);
				PRODUCT_BUNDLE_IDENTIFIER = com.vp.OperationQueueExample;
				PRODUCT_NAME = "$(TARGET_NAME)";
				SWIFT_VERSION = 5.0;
				TARGETED_DEVICE_FAMILY = "1,2";
			};
			name = Debug;
		};
		F47357E8228BD76C00C6F3B8 /* Release */ = {
			isa = XCBuildConfiguration;
			buildSettings = {
				ASSETCATALOG_COMPILER_APPICON_NAME = AppIcon;
				CODE_SIGN_STYLE = Automatic;
				INFOPLIST_FILE = OperationQueueExample/Info.plist;
				LD_RUNPATH_SEARCH_PATHS = (
					"$(inherited)",
					"@executable_path/Frameworks",
				);
				PRODUCT_BUNDLE_IDENTIFIER = com.vp.OperationQueueExample;
				PRODUCT_NAME = "$(TARGET_NAME)";
				SWIFT_VERSION = 5.0;
				TARGETED_DEVICE_FAMILY = "1,2";
			};
			name = Release;
		};
/* End XCBuildConfiguration section */

/* Begin XCConfigurationList section */
		F47357CF228BD76B00C6F3B8 /* Build configuration list for PBXProject "OperationQueueExample" */ = {
			isa = XCConfigurationList;
			buildConfigurations = (
				F47357E4228BD76C00C6F3B8 /* Debug */,
				F47357E5228BD76C00C6F3B8 /* Release */,
			);
			defaultConfigurationIsVisible = 0;
			defaultConfigurationName = Release;
		};
		F47357E6228BD76C00C6F3B8 /* Build configuration list for PBXNativeTarget "OperationQueueExample" */ = {
			isa = XCConfigurationList;
			buildConfigurations = (
				F47357E7228BD76C00C6F3B8 /* Debug */,
				F47357E8228BD76C00C6F3B8 /* Release */,
			);
			defaultConfigurationIsVisible = 0;
			defaultConfigurationName = Release;
		};
/* End XCConfigurationList section */
	};
	rootObject = F47357CC228BD76B00C6F3B8 /* Project object */;
}
