// !$*UTF8*$!
{
	archiveVersion = 1;
	classes = {
	};
	objectVersion = 50;
	objects = {

/* Begin PBXBuildFile section */
		908D8CFB226B6A4A00087C7F /* AppDelegate.swift in Sources */ = {isa = PBXBuildFile; fileRef = 908D8CFA226B6A4A00087C7F /* AppDelegate.swift */; };
		908D8CFD226B6A4A00087C7F /* ViewController.swift in Sources */ = {isa = PBXBuildFile; fileRef = 908D8CFC226B6A4A00087C7F /* ViewController.swift */; };
		908D8D00226B6A4A00087C7F /* Main.storyboard in Resources */ = {isa = PBXBuildFile; fileRef = 908D8CFE226B6A4A00087C7F /* Main.storyboard */; };
		908D8D02226B6A4A00087C7F /* Assets.xcassets in Resources */ = {isa = PBXBuildFile; fileRef = 908D8D01226B6A4A00087C7F /* Assets.xcassets */; };
		908D8D05226B6A4A00087C7F /* LaunchScreen.storyboard in Resources */ = {isa = PBXBuildFile; fileRef = 908D8D03226B6A4A00087C7F /* LaunchScreen.storyboard */; };
		908D8D0D226B6AC400087C7F /* MainNaviViewController.swift in Sources */ = {isa = PBXBuildFile; fileRef = 908D8D0C226B6AC400087C7F /* MainNaviViewController.swift */; };
		908D8D0F226B6B1000087C7F /* TableViewController.swift in Sources */ = {isa = PBXBuildFile; fileRef = 908D8D0E226B6B1000087C7F /* TableViewController.swift */; };
		F4D4D49C226D89540057CA67 /* CutomTableViewCell.swift in Sources */ = {isa = PBXBuildFile; fileRef = F4D4D49B226D89540057CA67 /* CutomTableViewCell.swift */; };
		F4D4D4A2227023410057CA67 /* SelectedCellViewController.swift in Sources */ = {isa = PBXBuildFile; fileRef = F4D4D4A1227023410057CA67 /* SelectedCellViewController.swift */; };
/* End PBXBuildFile section */

/* Begin PBXFileReference section */
		908D8CF7226B6A4A00087C7F /* SimpleTable.app */ = {isa = PBXFileReference; explicitFileType = wrapper.application; includeInIndex = 0; path = SimpleTable.app; sourceTree = BUILT_PRODUCTS_DIR; };
		908D8CFA226B6A4A00087C7F /* AppDelegate.swift */ = {isa = PBXFileReference; lastKnownFileType = sourcecode.swift; path = AppDelegate.swift; sourceTree = "<group>"; };
		908D8CFC226B6A4A00087C7F /* ViewController.swift */ = {isa = PBXFileReference; lastKnownFileType = sourcecode.swift; path = ViewController.swift; sourceTree = "<group>"; };
		908D8CFF226B6A4A00087C7F /* Base */ = {isa = PBXFileReference; lastKnownFileType = file.storyboard; name = Base; path = Base.lproj/Main.storyboard; sourceTree = "<group>"; };
		908D8D01226B6A4A00087C7F /* Assets.xcassets */ = {isa = PBXFileReference; lastKnownFileType = folder.assetcatalog; path = Assets.xcassets; sourceTree = "<group>"; };
		908D8D04226B6A4A00087C7F /* Base */ = {isa = PBXFileReference; lastKnownFileType = file.storyboard; name = Base; path = Base.lproj/LaunchScreen.storyboard; sourceTree = "<group>"; };
		908D8D06226B6A4A00087C7F /* Info.plist */ = {isa = PBXFileReference; lastKnownFileType = text.plist.xml; path = Info.plist; sourceTree = "<group>"; };
		908D8D0C226B6AC400087C7F /* MainNaviViewController.swift */ = {isa = PBXFileReference; lastKnownFileType = sourcecode.swift; path = MainNaviViewController.swift; sourceTree = "<group>"; };
		908D8D0E226B6B1000087C7F /* TableViewController.swift */ = {isa = PBXFileReference; lastKnownFileType = sourcecode.swift; path = TableViewController.swift; sourceTree = "<group>"; };
		F4D4D49B226D89540057CA67 /* CutomTableViewCell.swift */ = {isa = PBXFileReference; lastKnownFileType = sourcecode.swift; path = CutomTableViewCell.swift; sourceTree = "<group>"; };
		F4D4D4A1227023410057CA67 /* SelectedCellViewController.swift */ = {isa = PBXFileReference; lastKnownFileType = sourcecode.swift; path = SelectedCellViewController.swift; sourceTree = "<group>"; };
/* End PBXFileReference section */

/* Begin PBXFrameworksBuildPhase section */
		908D8CF4226B6A4A00087C7F /* Frameworks */ = {
			isa = PBXFrameworksBuildPhase;
			buildActionMask = 2147483647;
			files = (
			);
			runOnlyForDeploymentPostprocessing = 0;
		};
/* End PBXFrameworksBuildPhase section */

/* Begin PBXGroup section */
		908D8CEE226B6A4A00087C7F = {
			isa = PBXGroup;
			children = (
				908D8CF9226B6A4A00087C7F /* SimpleTable */,
				908D8CF8226B6A4A00087C7F /* Products */,
			);
			sourceTree = "<group>";
		};
		908D8CF8226B6A4A00087C7F /* Products */ = {
			isa = PBXGroup;
			children = (
				908D8CF7226B6A4A00087C7F /* SimpleTable.app */,
			);
			name = Products;
			sourceTree = "<group>";
		};
		908D8CF9226B6A4A00087C7F /* SimpleTable */ = {
			isa = PBXGroup;
			children = (
				908D8CFA226B6A4A00087C7F /* AppDelegate.swift */,
				908D8CFC226B6A4A00087C7F /* ViewController.swift */,
				908D8CFE226B6A4A00087C7F /* Main.storyboard */,
				908D8D01226B6A4A00087C7F /* Assets.xcassets */,
				908D8D03226B6A4A00087C7F /* LaunchScreen.storyboard */,
				908D8D06226B6A4A00087C7F /* Info.plist */,
				908D8D0C226B6AC400087C7F /* MainNaviViewController.swift */,
				908D8D0E226B6B1000087C7F /* TableViewController.swift */,
				F4D4D49B226D89540057CA67 /* CutomTableViewCell.swift */,
				F4D4D4A1227023410057CA67 /* SelectedCellViewController.swift */,
			);
			path = SimpleTable;
			sourceTree = "<group>";
		};
/* End PBXGroup section */

/* Begin PBXNativeTarget section */
		908D8CF6226B6A4A00087C7F /* SimpleTable */ = {
			isa = PBXNativeTarget;
			buildConfigurationList = 908D8D09226B6A4A00087C7F /* Build configuration list for PBXNativeTarget "SimpleTable" */;
			buildPhases = (
				908D8CF3226B6A4A00087C7F /* Sources */,
				908D8CF4226B6A4A00087C7F /* Frameworks */,
				908D8CF5226B6A4A00087C7F /* Resources */,
			);
			buildRules = (
			);
			dependencies = (
			);
			name = SimpleTable;
			productName = SimpleTable;
			productReference = 908D8CF7226B6A4A00087C7F /* SimpleTable.app */;
			productType = "com.apple.product-type.application";
		};
/* End PBXNativeTarget section */

/* Begin PBXProject section */
		908D8CEF226B6A4A00087C7F /* Project object */ = {
			isa = PBXProject;
			attributes = {
				LastSwiftUpdateCheck = 1020;
				LastUpgradeCheck = 1020;
				ORGANIZATIONNAME = "정하민";
				TargetAttributes = {
					908D8CF6226B6A4A00087C7F = {
						CreatedOnToolsVersion = 10.2;
					};
				};
			};
			buildConfigurationList = 908D8CF2226B6A4A00087C7F /* Build configuration list for PBXProject "SimpleTable" */;
			compatibilityVersion = "Xcode 9.3";
			developmentRegion = en;
			hasScannedForEncodings = 0;
			knownRegions = (
				en,
				Base,
			);
			mainGroup = 908D8CEE226B6A4A00087C7F;
			productRefGroup = 908D8CF8226B6A4A00087C7F /* Products */;
			projectDirPath = "";
			projectRoot = "";
			targets = (
				908D8CF6226B6A4A00087C7F /* SimpleTable */,
			);
		};
/* End PBXProject section */

/* Begin PBXResourcesBuildPhase section */
		908D8CF5226B6A4A00087C7F /* Resources */ = {
			isa = PBXResourcesBuildPhase;
			buildActionMask = 2147483647;
			files = (
				908D8D05226B6A4A00087C7F /* LaunchScreen.storyboard in Resources */,
				908D8D02226B6A4A00087C7F /* Assets.xcassets in Resources */,
				908D8D00226B6A4A00087C7F /* Main.storyboard in Resources */,
			);
			runOnlyForDeploymentPostprocessing = 0;
		};
/* End PBXResourcesBuildPhase section */

/* Begin PBXSourcesBuildPhase section */
		908D8CF3226B6A4A00087C7F /* Sources */ = {
			isa = PBXSourcesBuildPhase;
			buildActionMask = 2147483647;
			files = (
				908D8CFD226B6A4A00087C7F /* ViewController.swift in Sources */,
				F4D4D49C226D89540057CA67 /* CutomTableViewCell.swift in Sources */,
				908D8CFB226B6A4A00087C7F /* AppDelegate.swift in Sources */,
				908D8D0D226B6AC400087C7F /* MainNaviViewController.swift in Sources */,
				F4D4D4A2227023410057CA67 /* SelectedCellViewController.swift in Sources */,
				908D8D0F226B6B1000087C7F /* TableViewController.swift in Sources */,
			);
			runOnlyForDeploymentPostprocessing = 0;
		};
/* End PBXSourcesBuildPhase section */

/* Begin PBXVariantGroup section */
		908D8CFE226B6A4A00087C7F /* Main.storyboard */ = {
			isa = PBXVariantGroup;
			children = (
				908D8CFF226B6A4A00087C7F /* Base */,
			);
			name = Main.storyboard;
			sourceTree = "<group>";
		};
		908D8D03226B6A4A00087C7F /* LaunchScreen.storyboard */ = {
			isa = PBXVariantGroup;
			children = (
				908D8D04226B6A4A00087C7F /* Base */,
			);
			name = LaunchScreen.storyboard;
			sourceTree = "<group>";
		};
/* End PBXVariantGroup section */

/* Begin XCBuildConfiguration section */
		908D8D07226B6A4A00087C7F /* Debug */ = {
			isa = XCBuildConfiguration;
			buildSettings = {
				ALWAYS_SEARCH_USER_PATHS = NO;
				CLANG_ANALYZER_NONNULL = YES;
				CLANG_ANALYZER_NUMBER_OBJECT_CONVERSION = YES_AGGRESSIVE;
				CLANG_CXX_LANGUAGE_STANDARD = "gnu++14";
				CLANG_CXX_LIBRARY = "libc++";
				CLANG_ENABLE_MODULES = YES;
				CLANG_ENABLE_OBJC_ARC = YES;
				CLANG_ENABLE_OBJC_WEAK = YES;
				CLANG_WARN_BLOCK_CAPTURE_AUTORELEASING = YES;
				CLANG_WARN_BOOL_CONVERSION = YES;
				CLANG_WARN_COMMA = YES;
				CLANG_WARN_CONSTANT_CONVERSION = YES;
				CLANG_WARN_DEPRECATED_OBJC_IMPLEMENTATIONS = YES;
				CLANG_WARN_DIRECT_OBJC_ISA_USAGE = YES_ERROR;
				CLANG_WARN_DOCUMENTATION_COMMENTS = YES;
				CLANG_WARN_EMPTY_BODY = YES;
				CLANG_WARN_ENUM_CONVERSION = YES;
				CLANG_WARN_INFINITE_RECURSION = YES;
				CLANG_WARN_INT_CONVERSION = YES;
				CLANG_WARN_NON_LITERAL_NULL_CONVERSION = YES;
				CLANG_WARN_OBJC_IMPLICIT_RETAIN_SELF = YES;
				CLANG_WARN_OBJC_LITERAL_CONVERSION = YES;
				CLANG_WARN_OBJC_ROOT_CLASS = YES_ERROR;
				CLANG_WARN_RANGE_LOOP_ANALYSIS = YES;
				CLANG_WARN_STRICT_PROTOTYPES = YES;
				CLANG_WARN_SUSPICIOUS_MOVE = YES;
				CLANG_WARN_UNGUARDED_AVAILABILITY = YES_AGGRESSIVE;
				CLANG_WARN_UNREACHABLE_CODE = YES;
				CLANG_WARN__DUPLICATE_METHOD_MATCH = YES;
				CODE_SIGN_IDENTITY = "iPhone Developer";
				COPY_PHASE_STRIP = NO;
				DEBUG_INFORMATION_FORMAT = dwarf;
				ENABLE_STRICT_OBJC_MSGSEND = YES;
				ENABLE_TESTABILITY = YES;
				GCC_C_LANGUAGE_STANDARD = gnu11;
				GCC_DYNAMIC_NO_PIC = NO;
				GCC_NO_COMMON_BLOCKS = YES;
				GCC_OPTIMIZATION_LEVEL = 0;
				GCC_PREPROCESSOR_DEFINITIONS = (
					"DEBUG=1",
					"$(inherited)",
				);
				GCC_WARN_64_TO_32_BIT_CONVERSION = YES;
				GCC_WARN_ABOUT_RETURN_TYPE = YES_ERROR;
				GCC_WARN_UNDECLARED_SELECTOR = YES;
				GCC_WARN_UNINITIALIZED_AUTOS = YES_AGGRESSIVE;
				GCC_WARN_UNUSED_FUNCTION = YES;
				GCC_WARN_UNUSED_VARIABLE = YES;
				IPHONEOS_DEPLOYMENT_TARGET = 12.2;
				MTL_ENABLE_DEBUG_INFO = INCLUDE_SOURCE;
				MTL_FAST_MATH = YES;
				ONLY_ACTIVE_ARCH = YES;
				SDKROOT = iphoneos;
				SWIFT_ACTIVE_COMPILATION_CONDITIONS = DEBUG;
				SWIFT_OPTIMIZATION_LEVEL = "-Onone";
			};
			name = Debug;
		};
		908D8D08226B6A4A00087C7F /* Release */ = {
			isa = XCBuildConfiguration;
			buildSettings = {
				ALWAYS_SEARCH_USER_PATHS = NO;
				CLANG_ANALYZER_NONNULL = YES;
				CLANG_ANALYZER_NUMBER_OBJECT_CONVERSION = YES_AGGRESSIVE;
				CLANG_CXX_LANGUAGE_STANDARD = "gnu++14";
				CLANG_CXX_LIBRARY = "libc++";
				CLANG_ENABLE_MODULES = YES;
				CLANG_ENABLE_OBJC_ARC = YES;
				CLANG_ENABLE_OBJC_WEAK = YES;
				CLANG_WARN_BLOCK_CAPTURE_AUTORELEASING = YES;
				CLANG_WARN_BOOL_CONVERSION = YES;
				CLANG_WARN_COMMA = YES;
				CLANG_WARN_CONSTANT_CONVERSION = YES;
				CLANG_WARN_DEPRECATED_OBJC_IMPLEMENTATIONS = YES;
				CLANG_WARN_DIRECT_OBJC_ISA_USAGE = YES_ERROR;
				CLANG_WARN_DOCUMENTATION_COMMENTS = YES;
				CLANG_WARN_EMPTY_BODY = YES;
				CLANG_WARN_ENUM_CONVERSION = YES;
				CLANG_WARN_INFINITE_RECURSION = YES;
				CLANG_WARN_INT_CONVERSION = YES;
				CLANG_WARN_NON_LITERAL_NULL_CONVERSION = YES;
				CLANG_WARN_OBJC_IMPLICIT_RETAIN_SELF = YES;
				CLANG_WARN_OBJC_LITERAL_CONVERSION = YES;
				CLANG_WARN_OBJC_ROOT_CLASS = YES_ERROR;
				CLANG_WARN_RANGE_LOOP_ANALYSIS = YES;
				CLANG_WARN_STRICT_PROTOTYPES = YES;
				CLANG_WARN_SUSPICIOUS_MOVE = YES;
				CLANG_WARN_UNGUARDED_AVAILABILITY = YES_AGGRESSIVE;
				CLANG_WARN_UNREACHABLE_CODE = YES;
				CLANG_WARN__DUPLICATE_METHOD_MATCH = YES;
				CODE_SIGN_IDENTITY = "iPhone Developer";
				COPY_PHASE_STRIP = NO;
				DEBUG_INFORMATION_FORMAT = "dwarf-with-dsym";
				ENABLE_NS_ASSERTIONS = NO;
				ENABLE_STRICT_OBJC_MSGSEND = YES;
				GCC_C_LANGUAGE_STANDARD = gnu11;
				GCC_NO_COMMON_BLOCKS = YES;
				GCC_WARN_64_TO_32_BIT_CONVERSION = YES;
				GCC_WARN_ABOUT_RETURN_TYPE = YES_ERROR;
				GCC_WARN_UNDECLARED_SELECTOR = YES;
				GCC_WARN_UNINITIALIZED_AUTOS = YES_AGGRESSIVE;
				GCC_WARN_UNUSED_FUNCTION = YES;
				GCC_WARN_UNUSED_VARIABLE = YES;
				IPHONEOS_DEPLOYMENT_TARGET = 12.2;
				MTL_ENABLE_DEBUG_INFO = NO;
				MTL_FAST_MATH = YES;
				SDKROOT = iphoneos;
				SWIFT_COMPILATION_MODE = wholemodule;
				SWIFT_OPTIMIZATION_LEVEL = "-O";
				VALIDATE_PRODUCT = YES;
			};
			name = Release;
		};
		908D8D0A226B6A4A00087C7F /* Debug */ = {
			isa = XCBuildConfiguration;
			buildSettings = {
				ASSETCATALOG_COMPILER_APPICON_NAME = AppIcon;
				CODE_SIGN_STYLE = Automatic;
				INFOPLIST_FILE = SimpleTable/Info.plist;
				LD_RUNPATH_SEARCH_PATHS = (
					"$(inherited)",
					"@executable_path/Frameworks",
				);
				PRODUCT_BUNDLE_IDENTIFIER = com.vp.SimpleTable;
				PRODUCT_NAME = "$(TARGET_NAME)";
				SWIFT_VERSION = 5.0;
				TARGETED_DEVICE_FAMILY = "1,2";
			};
			name = Debug;
		};
		908D8D0B226B6A4A00087C7F /* Release */ = {
			isa = XCBuildConfiguration;
			buildSettings = {
				ASSETCATALOG_COMPILER_APPICON_NAME = AppIcon;
				CODE_SIGN_STYLE = Automatic;
				INFOPLIST_FILE = SimpleTable/Info.plist;
				LD_RUNPATH_SEARCH_PATHS = (
					"$(inherited)",
					"@executable_path/Frameworks",
				);
				PRODUCT_BUNDLE_IDENTIFIER = com.vp.SimpleTable;
				PRODUCT_NAME = "$(TARGET_NAME)";
				SWIFT_VERSION = 5.0;
				TARGETED_DEVICE_FAMILY = "1,2";
			};
			name = Release;
		};
/* End XCBuildConfiguration section */

/* Begin XCConfigurationList section */
		908D8CF2226B6A4A00087C7F /* Build configuration list for PBXProject "SimpleTable" */ = {
			isa = XCConfigurationList;
			buildConfigurations = (
				908D8D07226B6A4A00087C7F /* Debug */,
				908D8D08226B6A4A00087C7F /* Release */,
			);
			defaultConfigurationIsVisible = 0;
			defaultConfigurationName = Release;
		};
		908D8D09226B6A4A00087C7F /* Build configuration list for PBXNativeTarget "SimpleTable" */ = {
			isa = XCConfigurationList;
			buildConfigurations = (
				908D8D0A226B6A4A00087C7F /* Debug */,
				908D8D0B226B6A4A00087C7F /* Release */,
			);
			defaultConfigurationIsVisible = 0;
			defaultConfigurationName = Release;
		};
/* End XCConfigurationList section */
	};
	rootObject = 908D8CEF226B6A4A00087C7F /* Project object */;
}
