// !$*UTF8*$!
{
	archiveVersion = 1;
	classes = {
	};
	objectVersion = 50;
	objects = {

/* Begin PBXBuildFile section */
		F47ABB5F225C17460004D742 /* AppDelegate.swift in Sources */ = {isa = PBXBuildFile; fileRef = F47ABB5E225C17460004D742 /* AppDelegate.swift */; };
		F47ABB61225C17460004D742 /* ViewController.swift in Sources */ = {isa = PBXBuildFile; fileRef = F47ABB60225C17460004D742 /* ViewController.swift */; };
		F47ABB64225C17460004D742 /* Main.storyboard in Resources */ = {isa = PBXBuildFile; fileRef = F47ABB62225C17460004D742 /* Main.storyboard */; };
		F47ABB66225C17460004D742 /* Assets.xcassets in Resources */ = {isa = PBXBuildFile; fileRef = F47ABB65225C17460004D742 /* Assets.xcassets */; };
		F47ABB69225C17460004D742 /* LaunchScreen.storyboard in Resources */ = {isa = PBXBuildFile; fileRef = F47ABB67225C17460004D742 /* LaunchScreen.storyboard */; };
		F47ABB75225C248B0004D742 /* Rix_____ L.ttf in Resources */ = {isa = PBXBuildFile; fileRef = F47ABB71225C248B0004D742 /* Rix_____ L.ttf */; };
		F47ABB76225C248B0004D742 /* Rix_____ EB.ttf in Resources */ = {isa = PBXBuildFile; fileRef = F47ABB72225C248B0004D742 /* Rix_____ EB.ttf */; };
		F47ABB77225C248B0004D742 /* Rix_____ B.ttf in Resources */ = {isa = PBXBuildFile; fileRef = F47ABB73225C248B0004D742 /* Rix_____ B.ttf */; };
		F47ABB78225C248B0004D742 /* Rix_____ M.ttf in Resources */ = {isa = PBXBuildFile; fileRef = F47ABB74225C248B0004D742 /* Rix_____ M.ttf */; };
/* End PBXBuildFile section */

/* Begin PBXFileReference section */
		F47ABB5B225C17460004D742 /* AutoLayout.app */ = {isa = PBXFileReference; explicitFileType = wrapper.application; includeInIndex = 0; path = AutoLayout.app; sourceTree = BUILT_PRODUCTS_DIR; };
		F47ABB5E225C17460004D742 /* AppDelegate.swift */ = {isa = PBXFileReference; lastKnownFileType = sourcecode.swift; path = AppDelegate.swift; sourceTree = "<group>"; };
		F47ABB60225C17460004D742 /* ViewController.swift */ = {isa = PBXFileReference; lastKnownFileType = sourcecode.swift; path = ViewController.swift; sourceTree = "<group>"; };
		F47ABB63225C17460004D742 /* Base */ = {isa = PBXFileReference; lastKnownFileType = file.storyboard; name = Base; path = Base.lproj/Main.storyboard; sourceTree = "<group>"; };
		F47ABB65225C17460004D742 /* Assets.xcassets */ = {isa = PBXFileReference; lastKnownFileType = folder.assetcatalog; path = Assets.xcassets; sourceTree = "<group>"; };
		F47ABB68225C17460004D742 /* Base */ = {isa = PBXFileReference; lastKnownFileType = file.storyboard; name = Base; path = Base.lproj/LaunchScreen.storyboard; sourceTree = "<group>"; };
		F47ABB6A225C17460004D742 /* Info.plist */ = {isa = PBXFileReference; lastKnownFileType = text.plist.xml; path = Info.plist; sourceTree = "<group>"; };
		F47ABB71225C248B0004D742 /* Rix_____ L.ttf */ = {isa = PBXFileReference; lastKnownFileType = file; path = "Rix_____ L.ttf"; sourceTree = "<group>"; };
		F47ABB72225C248B0004D742 /* Rix_____ EB.ttf */ = {isa = PBXFileReference; lastKnownFileType = file; path = "Rix_____ EB.ttf"; sourceTree = "<group>"; };
		F47ABB73225C248B0004D742 /* Rix_____ B.ttf */ = {isa = PBXFileReference; lastKnownFileType = file; path = "Rix_____ B.ttf"; sourceTree = "<group>"; };
		F47ABB74225C248B0004D742 /* Rix_____ M.ttf */ = {isa = PBXFileReference; lastKnownFileType = file; path = "Rix_____ M.ttf"; sourceTree = "<group>"; };
/* End PBXFileReference section */

/* Begin PBXFrameworksBuildPhase section */
		F47ABB58225C17460004D742 /* Frameworks */ = {
			isa = PBXFrameworksBuildPhase;
			buildActionMask = 2147483647;
			files = (
			);
			runOnlyForDeploymentPostprocessing = 0;
		};
/* End PBXFrameworksBuildPhase section */

/* Begin PBXGroup section */
		F47ABB52225C17450004D742 = {
			isa = PBXGroup;
			children = (
				F47ABB5D225C17460004D742 /* AutoLayout */,
				F47ABB5C225C17460004D742 /* Products */,
			);
			sourceTree = "<group>";
		};
		F47ABB5C225C17460004D742 /* Products */ = {
			isa = PBXGroup;
			children = (
				F47ABB5B225C17460004D742 /* AutoLayout.app */,
			);
			name = Products;
			sourceTree = "<group>";
		};
		F47ABB5D225C17460004D742 /* AutoLayout */ = {
			isa = PBXGroup;
			children = (
				F47ABB70225C24320004D742 /* Font */,
				F47ABB5E225C17460004D742 /* AppDelegate.swift */,
				F47ABB60225C17460004D742 /* ViewController.swift */,
				F47ABB62225C17460004D742 /* Main.storyboard */,
				F47ABB65225C17460004D742 /* Assets.xcassets */,
				F47ABB67225C17460004D742 /* LaunchScreen.storyboard */,
				F47ABB6A225C17460004D742 /* Info.plist */,
			);
			path = AutoLayout;
			sourceTree = "<group>";
		};
		F47ABB70225C24320004D742 /* Font */ = {
			isa = PBXGroup;
			children = (
				F47ABB73225C248B0004D742 /* Rix_____ B.ttf */,
				F47ABB72225C248B0004D742 /* Rix_____ EB.ttf */,
				F47ABB71225C248B0004D742 /* Rix_____ L.ttf */,
				F47ABB74225C248B0004D742 /* Rix_____ M.ttf */,
			);
			path = Font;
			sourceTree = "<group>";
		};
/* End PBXGroup section */

/* Begin PBXNativeTarget section */
		F47ABB5A225C17460004D742 /* AutoLayout */ = {
			isa = PBXNativeTarget;
			buildConfigurationList = F47ABB6D225C17460004D742 /* Build configuration list for PBXNativeTarget "AutoLayout" */;
			buildPhases = (
				F47ABB57225C17460004D742 /* Sources */,
				F47ABB58225C17460004D742 /* Frameworks */,
				F47ABB59225C17460004D742 /* Resources */,
			);
			buildRules = (
			);
			dependencies = (
			);
			name = AutoLayout;
			productName = AutoLayout;
			productReference = F47ABB5B225C17460004D742 /* AutoLayout.app */;
			productType = "com.apple.product-type.application";
		};
/* End PBXNativeTarget section */

/* Begin PBXProject section */
		F47ABB53225C17450004D742 /* Project object */ = {
			isa = PBXProject;
			attributes = {
				LastSwiftUpdateCheck = 1020;
				LastUpgradeCheck = 1020;
				ORGANIZATIONNAME = "정하민";
				TargetAttributes = {
					F47ABB5A225C17460004D742 = {
						CreatedOnToolsVersion = 10.2;
					};
				};
			};
			buildConfigurationList = F47ABB56225C17450004D742 /* Build configuration list for PBXProject "AutoLayout" */;
			compatibilityVersion = "Xcode 9.3";
			developmentRegion = en;
			hasScannedForEncodings = 0;
			knownRegions = (
				en,
				Base,
			);
			mainGroup = F47ABB52225C17450004D742;
			productRefGroup = F47ABB5C225C17460004D742 /* Products */;
			projectDirPath = "";
			projectRoot = "";
			targets = (
				F47ABB5A225C17460004D742 /* AutoLayout */,
			);
		};
/* End PBXProject section */

/* Begin PBXResourcesBuildPhase section */
		F47ABB59225C17460004D742 /* Resources */ = {
			isa = PBXResourcesBuildPhase;
			buildActionMask = 2147483647;
			files = (
				F47ABB75225C248B0004D742 /* Rix_____ L.ttf in Resources */,
				F47ABB78225C248B0004D742 /* Rix_____ M.ttf in Resources */,
				F47ABB69225C17460004D742 /* LaunchScreen.storyboard in Resources */,
				F47ABB77225C248B0004D742 /* Rix_____ B.ttf in Resources */,
				F47ABB66225C17460004D742 /* Assets.xcassets in Resources */,
				F47ABB64225C17460004D742 /* Main.storyboard in Resources */,
				F47ABB76225C248B0004D742 /* Rix_____ EB.ttf in Resources */,
			);
			runOnlyForDeploymentPostprocessing = 0;
		};
/* End PBXResourcesBuildPhase section */

/* Begin PBXSourcesBuildPhase section */
		F47ABB57225C17460004D742 /* Sources */ = {
			isa = PBXSourcesBuildPhase;
			buildActionMask = 2147483647;
			files = (
				F47ABB61225C17460004D742 /* ViewController.swift in Sources */,
				F47ABB5F225C17460004D742 /* AppDelegate.swift in Sources */,
			);
			runOnlyForDeploymentPostprocessing = 0;
		};
/* End PBXSourcesBuildPhase section */

/* Begin PBXVariantGroup section */
		F47ABB62225C17460004D742 /* Main.storyboard */ = {
			isa = PBXVariantGroup;
			children = (
				F47ABB63225C17460004D742 /* Base */,
			);
			name = Main.storyboard;
			sourceTree = "<group>";
		};
		F47ABB67225C17460004D742 /* LaunchScreen.storyboard */ = {
			isa = PBXVariantGroup;
			children = (
				F47ABB68225C17460004D742 /* Base */,
			);
			name = LaunchScreen.storyboard;
			sourceTree = "<group>";
		};
/* End PBXVariantGroup section */

/* Begin XCBuildConfiguration section */
		F47ABB6B225C17460004D742 /* Debug */ = {
			isa = XCBuildConfiguration;
			buildSettings = {
				ALWAYS_SEARCH_USER_PATHS = NO;
				CLANG_ANALYZER_NONNULL = YES;
				CLANG_ANALYZER_NUMBER_OBJECT_CONVERSION = YES_AGGRESSIVE;
				CLANG_CXX_LANGUAGE_STANDARD = "gnu++14";
				CLANG_CXX_LIBRARY = "libc++";
				CLANG_ENABLE_MODULES = YES;
				CLANG_ENABLE_OBJC_ARC = YES;
				CLANG_ENABLE_OBJC_WEAK = YES;
				CLANG_WARN_BLOCK_CAPTURE_AUTORELEASING = YES;
				CLANG_WARN_BOOL_CONVERSION = YES;
				CLANG_WARN_COMMA = YES;
				CLANG_WARN_CONSTANT_CONVERSION = YES;
				CLANG_WARN_DEPRECATED_OBJC_IMPLEMENTATIONS = YES;
				CLANG_WARN_DIRECT_OBJC_ISA_USAGE = YES_ERROR;
				CLANG_WARN_DOCUMENTATION_COMMENTS = YES;
				CLANG_WARN_EMPTY_BODY = YES;
				CLANG_WARN_ENUM_CONVERSION = YES;
				CLANG_WARN_INFINITE_RECURSION = YES;
				CLANG_WARN_INT_CONVERSION = YES;
				CLANG_WARN_NON_LITERAL_NULL_CONVERSION = YES;
				CLANG_WARN_OBJC_IMPLICIT_RETAIN_SELF = YES;
				CLANG_WARN_OBJC_LITERAL_CONVERSION = YES;
				CLANG_WARN_OBJC_ROOT_CLASS = YES_ERROR;
				CLANG_WARN_RANGE_LOOP_ANALYSIS = YES;
				CLANG_WARN_STRICT_PROTOTYPES = YES;
				CLANG_WARN_SUSPICIOUS_MOVE = YES;
				CLANG_WARN_UNGUARDED_AVAILABILITY = YES_AGGRESSIVE;
				CLANG_WARN_UNREACHABLE_CODE = YES;
				CLANG_WARN__DUPLICATE_METHOD_MATCH = YES;
				CODE_SIGN_IDENTITY = "iPhone Developer";
				COPY_PHASE_STRIP = NO;
				DEBUG_INFORMATION_FORMAT = dwarf;
				ENABLE_STRICT_OBJC_MSGSEND = YES;
				ENABLE_TESTABILITY = YES;
				GCC_C_LANGUAGE_STANDARD = gnu11;
				GCC_DYNAMIC_NO_PIC = NO;
				GCC_NO_COMMON_BLOCKS = YES;
				GCC_OPTIMIZATION_LEVEL = 0;
				GCC_PREPROCESSOR_DEFINITIONS = (
					"DEBUG=1",
					"$(inherited)",
				);
				GCC_WARN_64_TO_32_BIT_CONVERSION = YES;
				GCC_WARN_ABOUT_RETURN_TYPE = YES_ERROR;
				GCC_WARN_UNDECLARED_SELECTOR = YES;
				GCC_WARN_UNINITIALIZED_AUTOS = YES_AGGRESSIVE;
				GCC_WARN_UNUSED_FUNCTION = YES;
				GCC_WARN_UNUSED_VARIABLE = YES;
				IPHONEOS_DEPLOYMENT_TARGET = 12.2;
				MTL_ENABLE_DEBUG_INFO = INCLUDE_SOURCE;
				MTL_FAST_MATH = YES;
				ONLY_ACTIVE_ARCH = YES;
				SDKROOT = iphoneos;
				SWIFT_ACTIVE_COMPILATION_CONDITIONS = DEBUG;
				SWIFT_OPTIMIZATION_LEVEL = "-Onone";
			};
			name = Debug;
		};
		F47ABB6C225C17460004D742 /* Release */ = {
			isa = XCBuildConfiguration;
			buildSettings = {
				ALWAYS_SEARCH_USER_PATHS = NO;
				CLANG_ANALYZER_NONNULL = YES;
				CLANG_ANALYZER_NUMBER_OBJECT_CONVERSION = YES_AGGRESSIVE;
				CLANG_CXX_LANGUAGE_STANDARD = "gnu++14";
				CLANG_CXX_LIBRARY = "libc++";
				CLANG_ENABLE_MODULES = YES;
				CLANG_ENABLE_OBJC_ARC = YES;
				CLANG_ENABLE_OBJC_WEAK = YES;
				CLANG_WARN_BLOCK_CAPTURE_AUTORELEASING = YES;
				CLANG_WARN_BOOL_CONVERSION = YES;
				CLANG_WARN_COMMA = YES;
				CLANG_WARN_CONSTANT_CONVERSION = YES;
				CLANG_WARN_DEPRECATED_OBJC_IMPLEMENTATIONS = YES;
				CLANG_WARN_DIRECT_OBJC_ISA_USAGE = YES_ERROR;
				CLANG_WARN_DOCUMENTATION_COMMENTS = YES;
				CLANG_WARN_EMPTY_BODY = YES;
				CLANG_WARN_ENUM_CONVERSION = YES;
				CLANG_WARN_INFINITE_RECURSION = YES;
				CLANG_WARN_INT_CONVERSION = YES;
				CLANG_WARN_NON_LITERAL_NULL_CONVERSION = YES;
				CLANG_WARN_OBJC_IMPLICIT_RETAIN_SELF = YES;
				CLANG_WARN_OBJC_LITERAL_CONVERSION = YES;
				CLANG_WARN_OBJC_ROOT_CLASS = YES_ERROR;
				CLANG_WARN_RANGE_LOOP_ANALYSIS = YES;
				CLANG_WARN_STRICT_PROTOTYPES = YES;
				CLANG_WARN_SUSPICIOUS_MOVE = YES;
				CLANG_WARN_UNGUARDED_AVAILABILITY = YES_AGGRESSIVE;
				CLANG_WARN_UNREACHABLE_CODE = YES;
				CLANG_WARN__DUPLICATE_METHOD_MATCH = YES;
				CODE_SIGN_IDENTITY = "iPhone Developer";
				COPY_PHASE_STRIP = NO;
				DEBUG_INFORMATION_FORMAT = "dwarf-with-dsym";
				ENABLE_NS_ASSERTIONS = NO;
				ENABLE_STRICT_OBJC_MSGSEND = YES;
				GCC_C_LANGUAGE_STANDARD = gnu11;
				GCC_NO_COMMON_BLOCKS = YES;
				GCC_WARN_64_TO_32_BIT_CONVERSION = YES;
				GCC_WARN_ABOUT_RETURN_TYPE = YES_ERROR;
				GCC_WARN_UNDECLARED_SELECTOR = YES;
				GCC_WARN_UNINITIALIZED_AUTOS = YES_AGGRESSIVE;
				GCC_WARN_UNUSED_FUNCTION = YES;
				GCC_WARN_UNUSED_VARIABLE = YES;
				IPHONEOS_DEPLOYMENT_TARGET = 12.2;
				MTL_ENABLE_DEBUG_INFO = NO;
				MTL_FAST_MATH = YES;
				SDKROOT = iphoneos;
				SWIFT_COMPILATION_MODE = wholemodule;
				SWIFT_OPTIMIZATION_LEVEL = "-O";
				VALIDATE_PRODUCT = YES;
			};
			name = Release;
		};
		F47ABB6E225C17460004D742 /* Debug */ = {
			isa = XCBuildConfiguration;
			buildSettings = {
				ASSETCATALOG_COMPILER_APPICON_NAME = AppIcon;
				CODE_SIGN_STYLE = Automatic;
				INFOPLIST_FILE = AutoLayout/Info.plist;
				LD_RUNPATH_SEARCH_PATHS = (
					"$(inherited)",
					"@executable_path/Frameworks",
				);
				PRODUCT_BUNDLE_IDENTIFIER = com.vp.AutoLayout;
				PRODUCT_NAME = "$(TARGET_NAME)";
				SWIFT_VERSION = 5.0;
				TARGETED_DEVICE_FAMILY = "1,2";
			};
			name = Debug;
		};
		F47ABB6F225C17460004D742 /* Release */ = {
			isa = XCBuildConfiguration;
			buildSettings = {
				ASSETCATALOG_COMPILER_APPICON_NAME = AppIcon;
				CODE_SIGN_STYLE = Automatic;
				INFOPLIST_FILE = AutoLayout/Info.plist;
				LD_RUNPATH_SEARCH_PATHS = (
					"$(inherited)",
					"@executable_path/Frameworks",
				);
				PRODUCT_BUNDLE_IDENTIFIER = com.vp.AutoLayout;
				PRODUCT_NAME = "$(TARGET_NAME)";
				SWIFT_VERSION = 5.0;
				TARGETED_DEVICE_FAMILY = "1,2";
			};
			name = Release;
		};
/* End XCBuildConfiguration section */

/* Begin XCConfigurationList section */
		F47ABB56225C17450004D742 /* Build configuration list for PBXProject "AutoLayout" */ = {
			isa = XCConfigurationList;
			buildConfigurations = (
				F47ABB6B225C17460004D742 /* Debug */,
				F47ABB6C225C17460004D742 /* Release */,
			);
			defaultConfigurationIsVisible = 0;
			defaultConfigurationName = Release;
		};
		F47ABB6D225C17460004D742 /* Build configuration list for PBXNativeTarget "AutoLayout" */ = {
			isa = XCConfigurationList;
			buildConfigurations = (
				F47ABB6E225C17460004D742 /* Debug */,
				F47ABB6F225C17460004D742 /* Release */,
			);
			defaultConfigurationIsVisible = 0;
			defaultConfigurationName = Release;
		};
/* End XCConfigurationList section */
	};
	rootObject = F47ABB53225C17450004D742 /* Project object */;
}
